
Microsoft Visual Studio Solution File, Format Version 12.00
# Visual Studio Version 17
VisualStudioVersion = 17.14.36414.22
MinimumVisualStudioVersion = 10.0.40219.1
Project("{FAE04EC0-301F-11D3-BF4B-00C04F79EFBC}") = "capaPresentacion", "AGCV\capaPresentacion.csproj", "{325E65DF-A178-4A14-8935-FBB875890E51}"
EndProject
Project("{FAE04EC0-301F-11D3-BF4B-00C04F79EFBC}") = "capaEntidad", "capaEntidad\capaEntidad.csproj", "{C36517C8-01E6-4794-AEDE-9CC16388A702}"
EndProject
Project("{FAE04EC0-301F-11D3-BF4B-00C04F79EFBC}") = "capaNegocio", "capaNegocio\capaNegocio.csproj", "{B19A831C-EF92-44DF-8A11-0139575BA8D4}"
EndProject
Project("{FAE04EC0-301F-11D3-BF4B-00C04F79EFBC}") = "capaDatos", "capaDatos\capaDatos.csproj", "{456E70F6-8474-4B2B-9C70-E2D45AD6FC90}"
EndProject
Project("{FAE04EC0-301F-11D3-BF4B-00C04F79EFBC}") = "BetterJoy", "BetterJoyForCemu\BetterJoy.csproj", "{1BF709E9-C133-41DF-933A-C9FF3F664C7B}"
EndProject
Global
	GlobalSection(SolutionConfigurationPlatforms) = preSolution
		Debug|Any CPU = Debug|Any CPU
		Debug|x64 = Debug|x64
		Debug|x86 = Debug|x86
		Release|Any CPU = Release|Any CPU
		Release|x64 = Release|x64
		Release|x86 = Release|x86
	EndGlobalSection
	GlobalSection(ProjectConfigurationPlatforms) = postSolution
		{325E65DF-A178-4A14-8935-FBB875890E51}.Debug|Any CPU.ActiveCfg = Debug|Any CPU
		{325E65DF-A178-4A14-8935-FBB875890E51}.Debug|Any CPU.Build.0 = Debug|Any CPU
		{325E65DF-A178-4A14-8935-FBB875890E51}.Debug|x64.ActiveCfg = Debug|Any CPU
		{325E65DF-A178-4A14-8935-FBB875890E51}.Debug|x64.Build.0 = Debug|Any CPU
		{325E65DF-A178-4A14-8935-FBB875890E51}.Debug|x86.ActiveCfg = Debug|Any CPU
		{325E65DF-A178-4A14-8935-FBB875890E51}.Debug|x86.Build.0 = Debug|Any CPU
		{325E65DF-A178-4A14-8935-FBB875890E51}.Release|Any CPU.ActiveCfg = Release|Any CPU
		{325E65DF-A178-4A14-8935-FBB875890E51}.Release|Any CPU.Build.0 = Release|Any CPU
		{325E65DF-A178-4A14-8935-FBB875890E51}.Release|x64.ActiveCfg = Release|Any CPU
		{325E65DF-A178-4A14-8935-FBB875890E51}.Release|x64.Build.0 = Release|Any CPU
		{325E65DF-A178-4A14-8935-FBB875890E51}.Release|x86.ActiveCfg = Release|Any CPU
		{325E65DF-A178-4A14-8935-FBB875890E51}.Release|x86.Build.0 = Release|Any CPU
		{C36517C8-01E6-4794-AEDE-9CC16388A702}.Debug|Any CPU.ActiveCfg = Debug|Any CPU
		{C36517C8-01E6-4794-AEDE-9CC16388A702}.Debug|Any CPU.Build.0 = Debug|Any CPU
		{C36517C8-01E6-4794-AEDE-9CC16388A702}.Debug|x64.ActiveCfg = Debug|Any CPU
		{C36517C8-01E6-4794-AEDE-9CC16388A702}.Debug|x64.Build.0 = Debug|Any CPU
		{C36517C8-01E6-4794-AEDE-9CC16388A702}.Debug|x86.ActiveCfg = Debug|Any CPU
		{C36517C8-01E6-4794-AEDE-9CC16388A702}.Debug|x86.Build.0 = Debug|Any CPU
		{C36517C8-01E6-4794-AEDE-9CC16388A702}.Release|Any CPU.ActiveCfg = Release|Any CPU
		{C36517C8-01E6-4794-AEDE-9CC16388A702}.Release|Any CPU.Build.0 = Release|Any CPU
		{C36517C8-01E6-4794-AEDE-9CC16388A702}.Release|x64.ActiveCfg = Release|Any CPU
		{C36517C8-01E6-4794-AEDE-9CC16388A702}.Release|x64.Build.0 = Release|Any CPU
		{C36517C8-01E6-4794-AEDE-9CC16388A702}.Release|x86.ActiveCfg = Release|Any CPU
		{C36517C8-01E6-4794-AEDE-9CC16388A702}.Release|x86.Build.0 = Release|Any CPU
		{B19A831C-EF92-44DF-8A11-0139575BA8D4}.Debug|Any CPU.ActiveCfg = Debug|Any CPU
		{B19A831C-EF92-44DF-8A11-0139575BA8D4}.Debug|Any CPU.Build.0 = Debug|Any CPU
		{B19A831C-EF92-44DF-8A11-0139575BA8D4}.Debug|x64.ActiveCfg = Debug|Any CPU
		{B19A831C-EF92-44DF-8A11-0139575BA8D4}.Debug|x64.Build.0 = Debug|Any CPU
		{B19A831C-EF92-44DF-8A11-0139575BA8D4}.Debug|x86.ActiveCfg = Debug|Any CPU
		{B19A831C-EF92-44DF-8A11-0139575BA8D4}.Debug|x86.Build.0 = Debug|Any CPU
		{B19A831C-EF92-44DF-8A11-0139575BA8D4}.Release|Any CPU.ActiveCfg = Release|Any CPU
		{B19A831C-EF92-44DF-8A11-0139575BA8D4}.Release|Any CPU.Build.0 = Release|Any CPU
		{B19A831C-EF92-44DF-8A11-0139575BA8D4}.Release|x64.ActiveCfg = Release|Any CPU
		{B19A831C-EF92-44DF-8A11-0139575BA8D4}.Release|x64.Build.0 = Release|Any CPU
		{B19A831C-EF92-44DF-8A11-0139575BA8D4}.Release|x86.ActiveCfg = Release|Any CPU
		{B19A831C-EF92-44DF-8A11-0139575BA8D4}.Release|x86.Build.0 = Release|Any CPU
		{456E70F6-8474-4B2B-9C70-E2D45AD6FC90}.Debug|Any CPU.ActiveCfg = Debug|Any CPU
		{456E70F6-8474-4B2B-9C70-E2D45AD6FC90}.Debug|Any CPU.Build.0 = Debug|Any CPU
		{456E70F6-8474-4B2B-9C70-E2D45AD6FC90}.Debug|x64.ActiveCfg = Debug|Any CPU
		{456E70F6-8474-4B2B-9C70-E2D45AD6FC90}.Debug|x64.Build.0 = Debug|Any CPU
		{456E70F6-8474-4B2B-9C70-E2D45AD6FC90}.Debug|x86.ActiveCfg = Debug|Any CPU
		{456E70F6-8474-4B2B-9C70-E2D45AD6FC90}.Debug|x86.Build.0 = Debug|Any CPU
		{456E70F6-8474-4B2B-9C70-E2D45AD6FC90}.Release|Any CPU.ActiveCfg = Release|Any CPU
		{456E70F6-8474-4B2B-9C70-E2D45AD6FC90}.Release|Any CPU.Build.0 = Release|Any CPU
		{456E70F6-8474-4B2B-9C70-E2D45AD6FC90}.Release|x64.ActiveCfg = Release|Any CPU
		{456E70F6-8474-4B2B-9C70-E2D45AD6FC90}.Release|x64.Build.0 = Release|Any CPU
		{456E70F6-8474-4B2B-9C70-E2D45AD6FC90}.Release|x86.ActiveCfg = Release|Any CPU
		{456E70F6-8474-4B2B-9C70-E2D45AD6FC90}.Release|x86.Build.0 = Release|Any CPU
		{1BF709E9-C133-41DF-933A-C9FF3F664C7B}.Debug|Any CPU.ActiveCfg = Debug|x64
		{1BF709E9-C133-41DF-933A-C9FF3F664C7B}.Debug|Any CPU.Build.0 = Debug|x64
		{1BF709E9-C133-41DF-933A-C9FF3F664C7B}.Debug|x64.ActiveCfg = Debug|x64
		{1BF709E9-C133-41DF-933A-C9FF3F664C7B}.Debug|x64.Build.0 = Debug|x64
		{1BF709E9-C133-41DF-933A-C9FF3F664C7B}.Debug|x86.ActiveCfg = Debug|x86
		{1BF709E9-C133-41DF-933A-C9FF3F664C7B}.Debug|x86.Build.0 = Debug|x86
		{1BF709E9-C133-41DF-933A-C9FF3F664C7B}.Release|Any CPU.ActiveCfg = Release|x86
		{1BF709E9-C133-41DF-933A-C9FF3F664C7B}.Release|x64.ActiveCfg = Release|x64
		{1BF709E9-C133-41DF-933A-C9FF3F664C7B}.Release|x64.Build.0 = Release|x64
		{1BF709E9-C133-41DF-933A-C9FF3F664C7B}.Release|x86.ActiveCfg = Release|x86
		{1BF709E9-C133-41DF-933A-C9FF3F664C7B}.Release|x86.Build.0 = Release|x86
	EndGlobalSection
	GlobalSection(SolutionProperties) = preSolution
		HideSolutionNode = FALSE
	EndGlobalSection
	GlobalSection(ExtensibilityGlobals) = postSolution
		SolutionGuid = {C6CDE391-F9DE-4F10-A5CE-448728154586}
	EndGlobalSection
EndGlobal
